
Microsoft Visual Studio Solution File, Format Version 12.00
# Visual Studio Version 17
VisualStudioVersion = 17.8.34330.188
MinimumVisualStudioVersion = 10.0.40219.1
Project("{FAE04EC0-301F-11D3-BF4B-00C04F79EFBC}") = "MLApi", "MLApi\MLApi.csproj", "{D98D97DC-16A1-4772-B9F9-F661DFE31834}"
EndProject
Global
	GlobalSection(SolutionConfigurationPlatforms) = preSolution
		Debug|Any CPU = Debug|Any CPU
		Release|Any CPU = Release|Any CPU
	EndGlobalSection
	GlobalSection(ProjectConfigurationPlatforms) = postSolution
		{D98D97DC-16A1-4772-B9F9-F661DFE31834}.Debug|Any CPU.ActiveCfg = Debug|Any CPU
		{D98D97DC-16A1-4772-B9F9-F661DFE31834}.Debug|Any CPU.Build.0 = Debug|Any CPU
		{D98D97DC-16A1-4772-B9F9-F661DFE31834}.Release|Any CPU.ActiveCfg = Release|Any CPU
		{D98D97DC-16A1-4772-B9F9-F661DFE31834}.Release|Any CPU.Build.0 = Release|Any CPU
	EndGlobalSection
	GlobalSection(SolutionProperties) = preSolution
		HideSolutionNode = FALSE
	EndGlobalSection
	GlobalSection(ExtensibilityGlobals) = postSolution
		SolutionGuid = {8DEDB021-7668-4B74-8059-FDC129F5B49D}
	EndGlobalSection
EndGlobal
